
Microsoft Visual Studio Solution File, Format Version 12.00
# Visual Studio Version 16
VisualStudioVersion = 16.0.30320.27
MinimumVisualStudioVersion = 10.0.40219.1
Project("{FAE04EC0-301F-11D3-BF4B-00C04F79EFBC}") = "AddingStringNumber", "AddingStringNumber.csproj", "{95914D64-0546-46C9-8C8B-AC3C08F225DF}"
EndProject
Project("{FAE04EC0-301F-11D3-BF4B-00C04F79EFBC}") = "UnitTestAddingStringNumber", "UnitTestAddingStringNumber\UnitTestAddingStringNumber.csproj", "{E604F10C-B294-4C1C-887E-B2F609A6E699}"
EndProject
Global
	GlobalSection(SolutionConfigurationPlatforms) = preSolution
		Debug|Any CPU = Debug|Any CPU
		Release|Any CPU = Release|Any CPU
	EndGlobalSection
	GlobalSection(ProjectConfigurationPlatforms) = postSolution
		{95914D64-0546-46C9-8C8B-AC3C08F225DF}.Debug|Any CPU.ActiveCfg = Debug|Any CPU
		{95914D64-0546-46C9-8C8B-AC3C08F225DF}.Debug|Any CPU.Build.0 = Debug|Any CPU
		{95914D64-0546-46C9-8C8B-AC3C08F225DF}.Release|Any CPU.ActiveCfg = Release|Any CPU
		{95914D64-0546-46C9-8C8B-AC3C08F225DF}.Release|Any CPU.Build.0 = Release|Any CPU
		{E604F10C-B294-4C1C-887E-B2F609A6E699}.Debug|Any CPU.ActiveCfg = Debug|Any CPU
		{E604F10C-B294-4C1C-887E-B2F609A6E699}.Debug|Any CPU.Build.0 = Debug|Any CPU
		{E604F10C-B294-4C1C-887E-B2F609A6E699}.Release|Any CPU.ActiveCfg = Release|Any CPU
		{E604F10C-B294-4C1C-887E-B2F609A6E699}.Release|Any CPU.Build.0 = Release|Any CPU
	EndGlobalSection
	GlobalSection(SolutionProperties) = preSolution
		HideSolutionNode = FALSE
	EndGlobalSection
	GlobalSection(ExtensibilityGlobals) = postSolution
		SolutionGuid = {C5C7DBEB-C8E3-4416-8758-D8E9ACDABDC0}
	EndGlobalSection
EndGlobal
